
Microsoft Visual Studio Solution File, Format Version 12.00
# Visual Studio Version 17
VisualStudioVersion = 17.1.32414.318
MinimumVisualStudioVersion = 10.0.40219.1
Project("{FAE04EC0-301F-11D3-BF4B-00C04F79EFBC}") = "Leonardo_Sanna_TestWeek1", "Leonardo_Sanna_TestWeek1\Leonardo_Sanna_TestWeek1.csproj", "{2C28D9C7-F658-42C1-9AE2-2A4264D737ED}"
EndProject
Global
	GlobalSection(SolutionConfigurationPlatforms) = preSolution
		Debug|Any CPU = Debug|Any CPU
		Release|Any CPU = Release|Any CPU
	EndGlobalSection
	GlobalSection(ProjectConfigurationPlatforms) = postSolution
		{2C28D9C7-F658-42C1-9AE2-2A4264D737ED}.Debug|Any CPU.ActiveCfg = Debug|Any CPU
		{2C28D9C7-F658-42C1-9AE2-2A4264D737ED}.Debug|Any CPU.Build.0 = Debug|Any CPU
		{2C28D9C7-F658-42C1-9AE2-2A4264D737ED}.Release|Any CPU.ActiveCfg = Release|Any CPU
		{2C28D9C7-F658-42C1-9AE2-2A4264D737ED}.Release|Any CPU.Build.0 = Release|Any CPU
	EndGlobalSection
	GlobalSection(SolutionProperties) = preSolution
		HideSolutionNode = FALSE
	EndGlobalSection
	GlobalSection(ExtensibilityGlobals) = postSolution
		SolutionGuid = {1C33FBF2-789C-40DE-9B94-749B6FEAFAFA}
	EndGlobalSection
EndGlobal
